
Microsoft Visual Studio Solution File, Format Version 12.00
Project("{FAE04EC0-301F-11D3-BF4B-00C04F79EFBC}") = "CSharpTestSuite", "CSharpTestSuite\CSharpTestSuite.csproj", "{3466D618-BA67-4D6E-8CFF-E97F38A67A40}"
EndProject
Global
	GlobalSection(SolutionConfigurationPlatforms) = preSolution
		Debug|Any CPU = Debug|Any CPU
		Release|Any CPU = Release|Any CPU
	EndGlobalSection
	GlobalSection(ProjectConfigurationPlatforms) = postSolution
		{3466D618-BA67-4D6E-8CFF-E97F38A67A40}.Debug|Any CPU.ActiveCfg = Debug|Any CPU
		{3466D618-BA67-4D6E-8CFF-E97F38A67A40}.Debug|Any CPU.Build.0 = Debug|Any CPU
		{3466D618-BA67-4D6E-8CFF-E97F38A67A40}.Release|Any CPU.ActiveCfg = Release|Any CPU
		{3466D618-BA67-4D6E-8CFF-E97F38A67A40}.Release|Any CPU.Build.0 = Release|Any CPU
	EndGlobalSection
EndGlobal
